
Microsoft Visual Studio Solution File, Format Version 12.00
# Visual Studio 15
VisualStudioVersion = 15.0.28307.1000
MinimumVisualStudioVersion = 10.0.40219.1
Project("{8BC9CEB8-8B4A-11D0-8D11-00A0C91BC942}") = "ConsoleApplication1", "ConsoleApplication1\ConsoleApplication1.vcxproj", "{5EFDFC79-DA37-41F7-B926-9B19ADBAC899}"
EndProject
Project("{8BC9CEB8-8B4A-11D0-8D11-00A0C91BC942}") = "engineLib", "engineLib\engineLib.vcxproj", "{95C26A5A-3C32-464C-AEB1-815578C01B80}"
EndProject
Global
	GlobalSection(SolutionConfigurationPlatforms) = preSolution
		Debug|x64 = Debug|x64
		Debug|x86 = Debug|x86
		Release|x64 = Release|x64
		Release|x86 = Release|x86
	EndGlobalSection
	GlobalSection(ProjectConfigurationPlatforms) = postSolution
		{5EFDFC79-DA37-41F7-B926-9B19ADBAC899}.Debug|x64.ActiveCfg = Debug|x64
		{5EFDFC79-DA37-41F7-B926-9B19ADBAC899}.Debug|x64.Build.0 = Debug|x64
		{5EFDFC79-DA37-41F7-B926-9B19ADBAC899}.Debug|x86.ActiveCfg = Debug|Win32
		{5EFDFC79-DA37-41F7-B926-9B19ADBAC899}.Debug|x86.Build.0 = Debug|Win32
		{5EFDFC79-DA37-41F7-B926-9B19ADBAC899}.Release|x64.ActiveCfg = Release|x64
		{5EFDFC79-DA37-41F7-B926-9B19ADBAC899}.Release|x64.Build.0 = Release|x64
		{5EFDFC79-DA37-41F7-B926-9B19ADBAC899}.Release|x86.ActiveCfg = Release|Win32
		{5EFDFC79-DA37-41F7-B926-9B19ADBAC899}.Release|x86.Build.0 = Release|Win32
		{95C26A5A-3C32-464C-AEB1-815578C01B80}.Debug|x64.ActiveCfg = Debug|x64
		{95C26A5A-3C32-464C-AEB1-815578C01B80}.Debug|x64.Build.0 = Debug|x64
		{95C26A5A-3C32-464C-AEB1-815578C01B80}.Debug|x86.ActiveCfg = Debug|Win32
		{95C26A5A-3C32-464C-AEB1-815578C01B80}.Debug|x86.Build.0 = Debug|Win32
		{95C26A5A-3C32-464C-AEB1-815578C01B80}.Release|x64.ActiveCfg = Release|x64
		{95C26A5A-3C32-464C-AEB1-815578C01B80}.Release|x64.Build.0 = Release|x64
		{95C26A5A-3C32-464C-AEB1-815578C01B80}.Release|x86.ActiveCfg = Release|Win32
		{95C26A5A-3C32-464C-AEB1-815578C01B80}.Release|x86.Build.0 = Release|Win32
	EndGlobalSection
	GlobalSection(SolutionProperties) = preSolution
		HideSolutionNode = FALSE
	EndGlobalSection
	GlobalSection(ExtensibilityGlobals) = postSolution
		SolutionGuid = {ABEA151A-F562-48BF-A517-E2FEA199B854}
	EndGlobalSection
EndGlobal
